
Microsoft Visual Studio Solution File, Format Version 12.00
# Visual Studio Version 17
VisualStudioVersion = 17.2.32630.192
MinimumVisualStudioVersion = 10.0.40219.1
Project("{9A19103F-16F7-4668-BE54-9A1E7A4F7556}") = "Ladesign", "Ladesign\Ladesign.csproj", "{49689B62-5131-4082-9EA1-65EE56BCF48E}"
EndProject
Global
	GlobalSection(SolutionConfigurationPlatforms) = preSolution
		Debug|Any CPU = Debug|Any CPU
		Release|Any CPU = Release|Any CPU
	EndGlobalSection
	GlobalSection(ProjectConfigurationPlatforms) = postSolution
		{49689B62-5131-4082-9EA1-65EE56BCF48E}.Debug|Any CPU.ActiveCfg = Debug|Any CPU
		{49689B62-5131-4082-9EA1-65EE56BCF48E}.Debug|Any CPU.Build.0 = Debug|Any CPU
		{49689B62-5131-4082-9EA1-65EE56BCF48E}.Release|Any CPU.ActiveCfg = Release|Any CPU
		{49689B62-5131-4082-9EA1-65EE56BCF48E}.Release|Any CPU.Build.0 = Release|Any CPU
	EndGlobalSection
	GlobalSection(SolutionProperties) = preSolution
		HideSolutionNode = FALSE
	EndGlobalSection
	GlobalSection(ExtensibilityGlobals) = postSolution
		SolutionGuid = {56FFE142-6824-43F1-A469-FB3409E83E82}
	EndGlobalSection
EndGlobal
